
Microsoft Visual Studio Solution File, Format Version 12.00
# Visual Studio 15
VisualStudioVersion = 15.0.26730.16
MinimumVisualStudioVersion = 10.0.40219.1
Project("{FAE04EC0-301F-11D3-BF4B-00C04F79EFBC}") = "Homework1", "Homework1.csproj", "{03D9804F-2668-4E9D-88F6-32997125D17A}"
EndProject
Global
	GlobalSection(SolutionConfigurationPlatforms) = preSolution
		Debug|Any CPU = Debug|Any CPU
		Release|Any CPU = Release|Any CPU
	EndGlobalSection
	GlobalSection(ProjectConfigurationPlatforms) = postSolution
		{03D9804F-2668-4E9D-88F6-32997125D17A}.Debug|Any CPU.ActiveCfg = Debug|Any CPU
		{03D9804F-2668-4E9D-88F6-32997125D17A}.Debug|Any CPU.Build.0 = Debug|Any CPU
		{03D9804F-2668-4E9D-88F6-32997125D17A}.Release|Any CPU.ActiveCfg = Release|Any CPU
		{03D9804F-2668-4E9D-88F6-32997125D17A}.Release|Any CPU.Build.0 = Release|Any CPU
	EndGlobalSection
	GlobalSection(SolutionProperties) = preSolution
		HideSolutionNode = FALSE
	EndGlobalSection
	GlobalSection(ExtensibilityGlobals) = postSolution
		SolutionGuid = {D637C282-4D1B-437B-8A29-E80FA03B26FF}
	EndGlobalSection
EndGlobal
